
Microsoft Visual Studio Solution File, Format Version 12.00
# Visual Studio Version 17
VisualStudioVersion = 17.0.31903.59
MinimumVisualStudioVersion = 10.0.40219.1
Project("{FAE04EC0-301F-11D3-BF4B-00C04F79EFBC}") = "DocumentProcessing.Dashboard", "DocumentProcessing.Dashboard\DocumentProcessing.Dashboard.csproj", "{D3B98ED3-669F-495E-9A19-754BDCE19D8B}"
EndProject
Project("{FAE04EC0-301F-11D3-BF4B-00C04F79EFBC}") = "DocumentProcessing.Dashboard.AppHost", "DocumentProcessing.Dashboard.AppHost\DocumentProcessing.Dashboard.AppHost.csproj", "{07F1E2F0-B744-45DC-B024-C9FD04DF52EE}"
EndProject
Project("{FAE04EC0-301F-11D3-BF4B-00C04F79EFBC}") = "DocumentProcessing.Dashboard.ServiceDefaults", "DocumentProcessing.Dashboard.ServiceDefaults\DocumentProcessing.Dashboard.ServiceDefaults.csproj", "{55480B7B-DADC-44E2-91D2-685AC09CEEB1}"
EndProject
Global
	GlobalSection(SolutionConfigurationPlatforms) = preSolution
		Debug|Any CPU = Debug|Any CPU
		Debug|x64 = Debug|x64
		Debug|x86 = Debug|x86
		Release|Any CPU = Release|Any CPU
		Release|x64 = Release|x64
		Release|x86 = Release|x86
	EndGlobalSection
	GlobalSection(ProjectConfigurationPlatforms) = postSolution
		{D3B98ED3-669F-495E-9A19-754BDCE19D8B}.Debug|Any CPU.ActiveCfg = Debug|Any CPU
		{D3B98ED3-669F-495E-9A19-754BDCE19D8B}.Debug|Any CPU.Build.0 = Debug|Any CPU
		{D3B98ED3-669F-495E-9A19-754BDCE19D8B}.Debug|x64.ActiveCfg = Debug|Any CPU
		{D3B98ED3-669F-495E-9A19-754BDCE19D8B}.Debug|x64.Build.0 = Debug|Any CPU
		{D3B98ED3-669F-495E-9A19-754BDCE19D8B}.Debug|x86.ActiveCfg = Debug|Any CPU
		{D3B98ED3-669F-495E-9A19-754BDCE19D8B}.Debug|x86.Build.0 = Debug|Any CPU
		{D3B98ED3-669F-495E-9A19-754BDCE19D8B}.Release|Any CPU.ActiveCfg = Release|Any CPU
		{D3B98ED3-669F-495E-9A19-754BDCE19D8B}.Release|Any CPU.Build.0 = Release|Any CPU
		{D3B98ED3-669F-495E-9A19-754BDCE19D8B}.Release|x64.ActiveCfg = Release|Any CPU
		{D3B98ED3-669F-495E-9A19-754BDCE19D8B}.Release|x64.Build.0 = Release|Any CPU
		{D3B98ED3-669F-495E-9A19-754BDCE19D8B}.Release|x86.ActiveCfg = Release|Any CPU
		{D3B98ED3-669F-495E-9A19-754BDCE19D8B}.Release|x86.Build.0 = Release|Any CPU
		{07F1E2F0-B744-45DC-B024-C9FD04DF52EE}.Debug|Any CPU.ActiveCfg = Debug|Any CPU
		{07F1E2F0-B744-45DC-B024-C9FD04DF52EE}.Debug|Any CPU.Build.0 = Debug|Any CPU
		{07F1E2F0-B744-45DC-B024-C9FD04DF52EE}.Debug|x64.ActiveCfg = Debug|Any CPU
		{07F1E2F0-B744-45DC-B024-C9FD04DF52EE}.Debug|x64.Build.0 = Debug|Any CPU
		{07F1E2F0-B744-45DC-B024-C9FD04DF52EE}.Debug|x86.ActiveCfg = Debug|Any CPU
		{07F1E2F0-B744-45DC-B024-C9FD04DF52EE}.Debug|x86.Build.0 = Debug|Any CPU
		{07F1E2F0-B744-45DC-B024-C9FD04DF52EE}.Release|Any CPU.ActiveCfg = Release|Any CPU
		{07F1E2F0-B744-45DC-B024-C9FD04DF52EE}.Release|Any CPU.Build.0 = Release|Any CPU
		{07F1E2F0-B744-45DC-B024-C9FD04DF52EE}.Release|x64.ActiveCfg = Release|Any CPU
		{07F1E2F0-B744-45DC-B024-C9FD04DF52EE}.Release|x64.Build.0 = Release|Any CPU
		{07F1E2F0-B744-45DC-B024-C9FD04DF52EE}.Release|x86.ActiveCfg = Release|Any CPU
		{07F1E2F0-B744-45DC-B024-C9FD04DF52EE}.Release|x86.Build.0 = Release|Any CPU
		{55480B7B-DADC-44E2-91D2-685AC09CEEB1}.Debug|Any CPU.ActiveCfg = Debug|Any CPU
		{55480B7B-DADC-44E2-91D2-685AC09CEEB1}.Debug|Any CPU.Build.0 = Debug|Any CPU
		{55480B7B-DADC-44E2-91D2-685AC09CEEB1}.Debug|x64.ActiveCfg = Debug|Any CPU
		{55480B7B-DADC-44E2-91D2-685AC09CEEB1}.Debug|x64.Build.0 = Debug|Any CPU
		{55480B7B-DADC-44E2-91D2-685AC09CEEB1}.Debug|x86.ActiveCfg = Debug|Any CPU
		{55480B7B-DADC-44E2-91D2-685AC09CEEB1}.Debug|x86.Build.0 = Debug|Any CPU
		{55480B7B-DADC-44E2-91D2-685AC09CEEB1}.Release|Any CPU.ActiveCfg = Release|Any CPU
		{55480B7B-DADC-44E2-91D2-685AC09CEEB1}.Release|Any CPU.Build.0 = Release|Any CPU
		{55480B7B-DADC-44E2-91D2-685AC09CEEB1}.Release|x64.ActiveCfg = Release|Any CPU
		{55480B7B-DADC-44E2-91D2-685AC09CEEB1}.Release|x64.Build.0 = Release|Any CPU
		{55480B7B-DADC-44E2-91D2-685AC09CEEB1}.Release|x86.ActiveCfg = Release|Any CPU
		{55480B7B-DADC-44E2-91D2-685AC09CEEB1}.Release|x86.Build.0 = Release|Any CPU
	EndGlobalSection
	GlobalSection(SolutionProperties) = preSolution
		HideSolutionNode = FALSE
	EndGlobalSection
EndGlobal
